
Microsoft Visual Studio Solution File, Format Version 12.00
# Visual Studio Version 17
VisualStudioVersion = 17.5.002.0
MinimumVisualStudioVersion = 10.0.40219.1
Project("{9A19103F-16F7-4668-BE54-9A1E7A4F7556}") = "LHPet", "LHPet.csproj", "{CE959495-AE84-47BB-AC0F-21744003095E}"
EndProject
Global
	GlobalSection(SolutionConfigurationPlatforms) = preSolution
		Debug|Any CPU = Debug|Any CPU
		Release|Any CPU = Release|Any CPU
	EndGlobalSection
	GlobalSection(ProjectConfigurationPlatforms) = postSolution
		{CE959495-AE84-47BB-AC0F-21744003095E}.Debug|Any CPU.ActiveCfg = Debug|Any CPU
		{CE959495-AE84-47BB-AC0F-21744003095E}.Debug|Any CPU.Build.0 = Debug|Any CPU
		{CE959495-AE84-47BB-AC0F-21744003095E}.Release|Any CPU.ActiveCfg = Release|Any CPU
		{CE959495-AE84-47BB-AC0F-21744003095E}.Release|Any CPU.Build.0 = Release|Any CPU
	EndGlobalSection
	GlobalSection(SolutionProperties) = preSolution
		HideSolutionNode = FALSE
	EndGlobalSection
	GlobalSection(ExtensibilityGlobals) = postSolution
		SolutionGuid = {7F7A3A37-8864-47C9-A644-7BDA5212C700}
	EndGlobalSection
EndGlobal
